
Microsoft Visual Studio Solution File, Format Version 12.00
# Visual Studio 15
VisualStudioVersion = 15.0.28307.421
MinimumVisualStudioVersion = 10.0.40219.1
Project("{FAE04EC0-301F-11D3-BF4B-00C04F79EFBC}") = "FunkeySelector", "FunkeySelector\FunkeySelector.csproj", "{387CDF2B-2CC3-491D-B1C2-CE436B23BF86}"
EndProject
Global
	GlobalSection(SolutionConfigurationPlatforms) = preSolution
		Debug|Any CPU = Debug|Any CPU
		Release|Any CPU = Release|Any CPU
	EndGlobalSection
	GlobalSection(ProjectConfigurationPlatforms) = postSolution
		{387CDF2B-2CC3-491D-B1C2-CE436B23BF86}.Debug|Any CPU.ActiveCfg = Debug|Any CPU
		{387CDF2B-2CC3-491D-B1C2-CE436B23BF86}.Debug|Any CPU.Build.0 = Debug|Any CPU
		{387CDF2B-2CC3-491D-B1C2-CE436B23BF86}.Release|Any CPU.ActiveCfg = Release|Any CPU
		{387CDF2B-2CC3-491D-B1C2-CE436B23BF86}.Release|Any CPU.Build.0 = Release|Any CPU
	EndGlobalSection
	GlobalSection(SolutionProperties) = preSolution
		HideSolutionNode = FALSE
	EndGlobalSection
	GlobalSection(ExtensibilityGlobals) = postSolution
		SolutionGuid = {DF3ACF61-7DC3-4412-BCA3-7AFC1EDFD372}
	EndGlobalSection
EndGlobal
